
Microsoft Visual Studio Solution File, Format Version 12.00
# Visual Studio Version 17
VisualStudioVersion = 17.5.33424.131
MinimumVisualStudioVersion = 10.0.40219.1
Project("{FAE04EC0-301F-11D3-BF4B-00C04F79EFBC}") = "Portal", "Portal\Portal.csproj", "{5EC894E3-81B6-43A1-A81D-A4277FD8B1DC}"
EndProject
Project("{FAE04EC0-301F-11D3-BF4B-00C04F79EFBC}") = "DatabaseLayer", "DatabaseLayer\DatabaseLayer.csproj", "{6F745A20-6FCF-4F40-994B-C4871E23CDE7}"
EndProject
Project("{FAE04EC0-301F-11D3-BF4B-00C04F79EFBC}") = "Schreduler", "Schreduler\Schreduler.csproj", "{4329A328-DCD2-4FAC-A7B8-FE23FCC91F4C}"
EndProject
Global
	GlobalSection(SolutionConfigurationPlatforms) = preSolution
		Debug|Any CPU = Debug|Any CPU
		Release|Any CPU = Release|Any CPU
	EndGlobalSection
	GlobalSection(ProjectConfigurationPlatforms) = postSolution
		{5EC894E3-81B6-43A1-A81D-A4277FD8B1DC}.Debug|Any CPU.ActiveCfg = Debug|Any CPU
		{5EC894E3-81B6-43A1-A81D-A4277FD8B1DC}.Debug|Any CPU.Build.0 = Debug|Any CPU
		{5EC894E3-81B6-43A1-A81D-A4277FD8B1DC}.Release|Any CPU.ActiveCfg = Release|Any CPU
		{5EC894E3-81B6-43A1-A81D-A4277FD8B1DC}.Release|Any CPU.Build.0 = Release|Any CPU
		{6F745A20-6FCF-4F40-994B-C4871E23CDE7}.Debug|Any CPU.ActiveCfg = Debug|Any CPU
		{6F745A20-6FCF-4F40-994B-C4871E23CDE7}.Debug|Any CPU.Build.0 = Debug|Any CPU
		{6F745A20-6FCF-4F40-994B-C4871E23CDE7}.Release|Any CPU.ActiveCfg = Release|Any CPU
		{6F745A20-6FCF-4F40-994B-C4871E23CDE7}.Release|Any CPU.Build.0 = Release|Any CPU
		{4329A328-DCD2-4FAC-A7B8-FE23FCC91F4C}.Debug|Any CPU.ActiveCfg = Debug|Any CPU
		{4329A328-DCD2-4FAC-A7B8-FE23FCC91F4C}.Debug|Any CPU.Build.0 = Debug|Any CPU
		{4329A328-DCD2-4FAC-A7B8-FE23FCC91F4C}.Release|Any CPU.ActiveCfg = Release|Any CPU
		{4329A328-DCD2-4FAC-A7B8-FE23FCC91F4C}.Release|Any CPU.Build.0 = Release|Any CPU
	EndGlobalSection
	GlobalSection(SolutionProperties) = preSolution
		HideSolutionNode = FALSE
	EndGlobalSection
	GlobalSection(ExtensibilityGlobals) = postSolution
		SolutionGuid = {16FE0812-0D70-4935-BA89-0A5EA4C1EB9B}
	EndGlobalSection
EndGlobal
